
Microsoft Visual Studio Solution File, Format Version 12.00
# Visual Studio Version 17
VisualStudioVersion = 17.3.32825.248
MinimumVisualStudioVersion = 10.0.40219.1
Project("{FAE04EC0-301F-11D3-BF4B-00C04F79EFBC}") = "Week13SQLiteDB", "Week13SQLiteDB\Week13SQLiteDB.csproj", "{283FDF7E-37DD-4687-B1AE-9B971D7C5D94}"
EndProject
Global
	GlobalSection(SolutionConfigurationPlatforms) = preSolution
		Debug|Any CPU = Debug|Any CPU
		Release|Any CPU = Release|Any CPU
	EndGlobalSection
	GlobalSection(ProjectConfigurationPlatforms) = postSolution
		{283FDF7E-37DD-4687-B1AE-9B971D7C5D94}.Debug|Any CPU.ActiveCfg = Debug|Any CPU
		{283FDF7E-37DD-4687-B1AE-9B971D7C5D94}.Debug|Any CPU.Build.0 = Debug|Any CPU
		{283FDF7E-37DD-4687-B1AE-9B971D7C5D94}.Release|Any CPU.ActiveCfg = Release|Any CPU
		{283FDF7E-37DD-4687-B1AE-9B971D7C5D94}.Release|Any CPU.Build.0 = Release|Any CPU
	EndGlobalSection
	GlobalSection(SolutionProperties) = preSolution
		HideSolutionNode = FALSE
	EndGlobalSection
	GlobalSection(ExtensibilityGlobals) = postSolution
		SolutionGuid = {155BD715-47FE-422C-9F4E-92B53BDFBB57}
	EndGlobalSection
EndGlobal
